/home/lavri002/scratch/oudehome/lavri002/bin/tedna
/home/lavri002/scratch/oudehome/lavri002/temp/tedna_repeats.fasta
/home/lavri002/scratch/oudehome/lavri002/bin/tedna
/home/lavri002/scratch/oudehome/lavri002/temp/S240_05A_CHG009446-0428lane1-EP57_L004_R1.fastq
/home/lavri002/scratch/oudehome/lavri002/temp/S240_05A_CHG009446-0428lane1-EP57_L004_R2.fastq
